{
  "name": "vitedocs",
  "version": "1.0.0",
  "lockfileVersion": 3,
  "requires": true,
  "packages": {
    "": {
      "name": "vitedocs",
      "version": "1.0.0",
      "license": "MIT",
      "dependencies": {
        "algoliasearch": "^4.17.0",
        "ansi-sequence-parser": "^1.1.0",
        "body-scroll-lock": "^4.0.0-beta.0",
        "csstype": "^2.6.21",
        "esbuild": "^0.17.17",
        "estree-walker": "^2.0.2",
        "jsonc-parser": "^3.2.0",
        "magic-string": "^0.25.9",
        "mark.js": "^8.11.1",
        "minisearch": "^6.0.1",
        "nanoid": "^3.3.6",
        "picocolors": "^1.0.0",
        "postcss": "^8.4.23",
        "preact": "^10.13.2",
        "rollup": "^3.20.7",
        "shiki": "^0.14.1",
        "source-map": "^0.6.1",
        "source-map-js": "^1.0.2",
        "sourcemap-codec": "^1.4.8",
        "vite": "^4.3.1",
        "vscode-oniguruma": "^1.7.0",
        "vscode-textmate": "^8.0.0",
        "vue-demi": "^0.14.0"
      },
      "devDependencies": {
        "@babel/types": "^7.21.4",
        "@types/node": "^18.15.13",
        "vitepress": "^1.0.0-alpha.73",
        "vue": "^3.2.47"
      }
    },
    "node_modules/@algolia/autocomplete-core": {
      "version": "1.7.4",
      "dev": true,
      "license": "MIT",
      "dependencies": {
        "@algolia/autocomplete-shared": "1.7.4"
      }
    },
    "node_modules/@algolia/autocomplete-preset-algolia": {
      "version": "1.7.4",
      "dev": true,
      "license": "MIT",
      "dependencies": {
        "@algolia/autocomplete-shared": "1.7.4"
      },
      "peerDependencies": {
        "@algolia/client-search": ">= 4.9.1 < 6",
        "algoliasearch": ">= 4.9.1 < 6"
      }
    },
    "node_modules/@algolia/autocomplete-shared": {
      "version": "1.7.4",
      "dev": true,
      "license": "MIT"
    },
    "node_modules/@algolia/cache-browser-local-storage": {
      "version": "4.17.0",
      "license": "MIT",
      "dependencies": {
        "@algolia/cache-common": "4.17.0"
      }
    },
    "node_modules/@algolia/cache-common": {
      "version": "4.17.0",
      "license": "MIT"
    },
    "node_modules/@algolia/cache-in-memory": {
      "version": "4.17.0",
      "license": "MIT",
      "dependencies": {
        "@algolia/cache-common": "4.17.0"
      }
    },
    "node_modules/@algolia/client-account": {
      "version": "4.17.0",
      "license": "MIT",
      "dependencies": {
        "@algolia/client-common": "4.17.0",
        "@algolia/client-search": "4.17.0",
        "@algolia/transporter": "4.17.0"
      }
    },
    "node_modules/@algolia/client-analytics": {
      "version": "4.17.0",
      "license": "MIT",
      "dependencies": {
        "@algolia/client-common": "4.17.0",
        "@algolia/client-search": "4.17.0",
        "@algolia/requester-common": "4.17.0",
        "@algolia/transporter": "4.17.0"
      }
    },
    "node_modules/@algolia/client-common": {
      "version": "4.17.0",
      "license": "MIT",
      "dependencies": {
        "@algolia/requester-common": "4.17.0",
        "@algolia/transporter": "4.17.0"
      }
    },
    "node_modules/@algolia/client-personalization": {
      "version": "4.17.0",
      "license": "MIT",
      "dependencies": {
        "@algolia/client-common": "4.17.0",
        "@algolia/requester-common": "4.17.0",
        "@algolia/transporter": "4.17.0"
      }
    },
    "node_modules/@algolia/client-search": {
      "version": "4.17.0",
      "license": "MIT",
      "dependencies": {
        "@algolia/client-common": "4.17.0",
        "@algolia/requester-common": "4.17.0",
        "@algolia/transporter": "4.17.0"
      }
    },
    "node_modules/@algolia/logger-common": {
      "version": "4.17.0",
      "license": "MIT"
    },
    "node_modules/@algolia/logger-console": {
      "version": "4.17.0",
      "license": "MIT",
      "dependencies": {
        "@algolia/logger-common": "4.17.0"
      }
    },
    "node_modules/@algolia/requester-browser-xhr": {
      "version": "4.17.0",
      "license": "MIT",
      "dependencies": {
        "@algolia/requester-common": "4.17.0"
      }
    },
    "node_modules/@algolia/requester-common": {
      "version": "4.17.0",
      "license": "MIT"
    },
    "node_modules/@algolia/requester-node-http": {
      "version": "4.17.0",
      "license": "MIT",
      "dependencies": {
        "@algolia/requester-common": "4.17.0"
      }
    },
    "node_modules/@algolia/transporter": {
      "version": "4.17.0",
      "license": "MIT",
      "dependencies": {
        "@algolia/cache-common": "4.17.0",
        "@algolia/logger-common": "4.17.0",
        "@algolia/requester-common": "4.17.0"
      }
    },
    "node_modules/@babel/helper-string-parser": {
      "version": "7.19.4",
      "resolved": "https://registry.npmmirror.com/@babel/helper-string-parser/-/helper-string-parser-7.19.4.tgz",
      "integrity": "sha512-nHtDoQcuqFmwYNYPz3Rah5ph2p8PFeFCsZk9A/48dPc/rGocJ5J3hAAZ7pb76VWX3fZKu+uEr/FhH5jLx7umrw==",
      "dev": true,
      "engines": {
        "node": ">=6.9.0"
      }
    },
    "node_modules/@babel/helper-validator-identifier": {
      "version": "7.19.1",
      "resolved": "https://registry.npmmirror.com/@babel/helper-validator-identifier/-/helper-validator-identifier-7.19.1.tgz",
      "integrity": "sha512-awrNfaMtnHUr653GgGEs++LlAvW6w+DcPrOliSMXWCKo597CwL5Acf/wWdNkf/tfEQE3mjkeD1YOVZOUV/od1w==",
      "dev": true,
      "engines": {
        "node": ">=6.9.0"
      }
    },
    "node_modules/@babel/parser": {
      "version": "7.21.4",
      "license": "MIT",
      "bin": {
        "parser": "bin/babel-parser.js"
      },
      "engines": {
        "node": ">=6.0.0"
      }
    },
    "node_modules/@babel/types": {
      "version": "7.21.4",
      "resolved": "https://registry.npmmirror.com/@babel/types/-/types-7.21.4.tgz",
      "integrity": "sha512-rU2oY501qDxE8Pyo7i/Orqma4ziCOrby0/9mvbDUGEfvZjb279Nk9k19e2fiCxHbRRpY2ZyrgW1eq22mvmOIzA==",
      "dev": true,
      "dependencies": {
        "@babel/helper-string-parser": "^7.19.4",
        "@babel/helper-validator-identifier": "^7.19.1",
        "to-fast-properties": "^2.0.0"
      },
      "engines": {
        "node": ">=6.9.0"
      }
    },
    "node_modules/@docsearch/css": {
      "version": "3.3.3",
      "dev": true,
      "license": "MIT"
    },
    "node_modules/@docsearch/js": {
      "version": "3.3.3",
      "dev": true,
      "license": "MIT",
      "dependencies": {
        "@docsearch/react": "3.3.3",
        "preact": "^10.0.0"
      }
    },
    "node_modules/@docsearch/react": {
      "version": "3.3.3",
      "dev": true,
      "license": "MIT",
      "dependencies": {
        "@algolia/autocomplete-core": "1.7.4",
        "@algolia/autocomplete-preset-algolia": "1.7.4",
        "@docsearch/css": "3.3.3",
        "algoliasearch": "^4.0.0"
      },
      "peerDependencies": {
        "@types/react": ">= 16.8.0 < 19.0.0",
        "react": ">= 16.8.0 < 19.0.0",
        "react-dom": ">= 16.8.0 < 19.0.0"
      },
      "peerDependenciesMeta": {
        "@types/react": {
          "optional": true
        },
        "react": {
          "optional": true
        },
        "react-dom": {
          "optional": true
        }
      }
    },
    "node_modules/@esbuild/win32-x64": {
      "version": "0.17.17",
      "cpu": [
        "x64"
      ],
      "license": "MIT",
      "optional": true,
      "os": [
        "win32"
      ],
      "engines": {
        "node": ">=12"
      }
    },
    "node_modules/@types/node": {
      "version": "18.15.13",
      "resolved": "https://registry.npmmirror.com/@types/node/-/node-18.15.13.tgz",
      "integrity": "sha512-N+0kuo9KgrUQ1Sn/ifDXsvg0TTleP7rIy4zOBGECxAljqvqfqpTfzx0Q1NUedOixRMBfe2Whhb056a42cWs26Q==",
      "devOptional": true
    },
    "node_modules/@types/web-bluetooth": {
      "version": "0.0.16",
      "dev": true,
      "license": "MIT"
    },
    "node_modules/@vitejs/plugin-vue": {
      "version": "4.1.0",
      "dev": true,
      "license": "MIT",
      "engines": {
        "node": "^14.18.0 || >=16.0.0"
      },
      "peerDependencies": {
        "vite": "^4.0.0",
        "vue": "^3.2.25"
      }
    },
    "node_modules/@vue/compiler-core": {
      "version": "3.2.47",
      "license": "MIT",
      "dependencies": {
        "@babel/parser": "^7.16.4",
        "@vue/shared": "3.2.47",
        "estree-walker": "^2.0.2",
        "source-map": "^0.6.1"
      }
    },
    "node_modules/@vue/compiler-dom": {
      "version": "3.2.47",
      "license": "MIT",
      "dependencies": {
        "@vue/compiler-core": "3.2.47",
        "@vue/shared": "3.2.47"
      }
    },
    "node_modules/@vue/compiler-sfc": {
      "version": "3.2.47",
      "license": "MIT",
      "dependencies": {
        "@babel/parser": "^7.16.4",
        "@vue/compiler-core": "3.2.47",
        "@vue/compiler-dom": "3.2.47",
        "@vue/compiler-ssr": "3.2.47",
        "@vue/reactivity-transform": "3.2.47",
        "@vue/shared": "3.2.47",
        "estree-walker": "^2.0.2",
        "magic-string": "^0.25.7",
        "postcss": "^8.1.10",
        "source-map": "^0.6.1"
      }
    },
    "node_modules/@vue/compiler-ssr": {
      "version": "3.2.47",
      "license": "MIT",
      "dependencies": {
        "@vue/compiler-dom": "3.2.47",
        "@vue/shared": "3.2.47"
      }
    },
    "node_modules/@vue/devtools-api": {
      "version": "6.5.0",
      "dev": true,
      "license": "MIT"
    },
    "node_modules/@vue/reactivity": {
      "version": "3.2.47",
      "license": "MIT",
      "dependencies": {
        "@vue/shared": "3.2.47"
      }
    },
    "node_modules/@vue/reactivity-transform": {
      "version": "3.2.47",
      "license": "MIT",
      "dependencies": {
        "@babel/parser": "^7.16.4",
        "@vue/compiler-core": "3.2.47",
        "@vue/shared": "3.2.47",
        "estree-walker": "^2.0.2",
        "magic-string": "^0.25.7"
      }
    },
    "node_modules/@vue/runtime-core": {
      "version": "3.2.47",
      "license": "MIT",
      "dependencies": {
        "@vue/reactivity": "3.2.47",
        "@vue/shared": "3.2.47"
      }
    },
    "node_modules/@vue/runtime-dom": {
      "version": "3.2.47",
      "license": "MIT",
      "dependencies": {
        "@vue/runtime-core": "3.2.47",
        "@vue/shared": "3.2.47",
        "csstype": "^2.6.8"
      }
    },
    "node_modules/@vue/server-renderer": {
      "version": "3.2.47",
      "license": "MIT",
      "dependencies": {
        "@vue/compiler-ssr": "3.2.47",
        "@vue/shared": "3.2.47"
      },
      "peerDependencies": {
        "vue": "3.2.47"
      }
    },
    "node_modules/@vue/shared": {
      "version": "3.2.47",
      "license": "MIT"
    },
    "node_modules/@vueuse/core": {
      "version": "10.1.0",
      "dev": true,
      "license": "MIT",
      "dependencies": {
        "@types/web-bluetooth": "^0.0.16",
        "@vueuse/metadata": "10.1.0",
        "@vueuse/shared": "10.1.0",
        "vue-demi": ">=0.14.0"
      },
      "funding": {
        "url": "https://github.com/sponsors/antfu"
      }
    },
    "node_modules/@vueuse/metadata": {
      "version": "10.1.0",
      "dev": true,
      "license": "MIT",
      "funding": {
        "url": "https://github.com/sponsors/antfu"
      }
    },
    "node_modules/@vueuse/shared": {
      "version": "10.1.0",
      "dev": true,
      "license": "MIT",
      "dependencies": {
        "vue-demi": ">=0.14.0"
      },
      "funding": {
        "url": "https://github.com/sponsors/antfu"
      }
    },
    "node_modules/algoliasearch": {
      "version": "4.17.0",
      "license": "MIT",
      "dependencies": {
        "@algolia/cache-browser-local-storage": "4.17.0",
        "@algolia/cache-common": "4.17.0",
        "@algolia/cache-in-memory": "4.17.0",
        "@algolia/client-account": "4.17.0",
        "@algolia/client-analytics": "4.17.0",
        "@algolia/client-common": "4.17.0",
        "@algolia/client-personalization": "4.17.0",
        "@algolia/client-search": "4.17.0",
        "@algolia/logger-common": "4.17.0",
        "@algolia/logger-console": "4.17.0",
        "@algolia/requester-browser-xhr": "4.17.0",
        "@algolia/requester-common": "4.17.0",
        "@algolia/requester-node-http": "4.17.0",
        "@algolia/transporter": "4.17.0"
      }
    },
    "node_modules/ansi-sequence-parser": {
      "version": "1.1.0",
      "license": "MIT"
    },
    "node_modules/body-scroll-lock": {
      "version": "4.0.0-beta.0",
      "license": "MIT"
    },
    "node_modules/csstype": {
      "version": "2.6.21",
      "license": "MIT"
    },
    "node_modules/esbuild": {
      "version": "0.17.17",
      "hasInstallScript": true,
      "license": "MIT",
      "bin": {
        "esbuild": "bin/esbuild"
      },
      "engines": {
        "node": ">=12"
      },
      "optionalDependencies": {
        "@esbuild/android-arm": "0.17.17",
        "@esbuild/android-arm64": "0.17.17",
        "@esbuild/android-x64": "0.17.17",
        "@esbuild/darwin-arm64": "0.17.17",
        "@esbuild/darwin-x64": "0.17.17",
        "@esbuild/freebsd-arm64": "0.17.17",
        "@esbuild/freebsd-x64": "0.17.17",
        "@esbuild/linux-arm": "0.17.17",
        "@esbuild/linux-arm64": "0.17.17",
        "@esbuild/linux-ia32": "0.17.17",
        "@esbuild/linux-loong64": "0.17.17",
        "@esbuild/linux-mips64el": "0.17.17",
        "@esbuild/linux-ppc64": "0.17.17",
        "@esbuild/linux-riscv64": "0.17.17",
        "@esbuild/linux-s390x": "0.17.17",
        "@esbuild/linux-x64": "0.17.17",
        "@esbuild/netbsd-x64": "0.17.17",
        "@esbuild/openbsd-x64": "0.17.17",
        "@esbuild/sunos-x64": "0.17.17",
        "@esbuild/win32-arm64": "0.17.17",
        "@esbuild/win32-ia32": "0.17.17",
        "@esbuild/win32-x64": "0.17.17"
      }
    },
    "node_modules/estree-walker": {
      "version": "2.0.2",
      "license": "MIT"
    },
    "node_modules/jsonc-parser": {
      "version": "3.2.0",
      "license": "MIT"
    },
    "node_modules/magic-string": {
      "version": "0.25.9",
      "license": "MIT",
      "dependencies": {
        "sourcemap-codec": "^1.4.8"
      }
    },
    "node_modules/mark.js": {
      "version": "8.11.1",
      "license": "MIT"
    },
    "node_modules/minisearch": {
      "version": "6.0.1",
      "license": "MIT"
    },
    "node_modules/nanoid": {
      "version": "3.3.6",
      "funding": [
        {
          "type": "github",
          "url": "https://github.com/sponsors/ai"
        }
      ],
      "license": "MIT",
      "bin": {
        "nanoid": "bin/nanoid.cjs"
      },
      "engines": {
        "node": "^10 || ^12 || ^13.7 || ^14 || >=15.0.1"
      }
    },
    "node_modules/picocolors": {
      "version": "1.0.0",
      "license": "ISC"
    },
    "node_modules/postcss": {
      "version": "8.4.23",
      "funding": [
        {
          "type": "opencollective",
          "url": "https://opencollective.com/postcss/"
        },
        {
          "type": "tidelift",
          "url": "https://tidelift.com/funding/github/npm/postcss"
        },
        {
          "type": "github",
          "url": "https://github.com/sponsors/ai"
        }
      ],
      "license": "MIT",
      "dependencies": {
        "nanoid": "^3.3.6",
        "picocolors": "^1.0.0",
        "source-map-js": "^1.0.2"
      },
      "engines": {
        "node": "^10 || ^12 || >=14"
      }
    },
    "node_modules/preact": {
      "version": "10.13.2",
      "license": "MIT",
      "funding": {
        "type": "opencollective",
        "url": "https://opencollective.com/preact"
      }
    },
    "node_modules/rollup": {
      "version": "3.20.7",
      "license": "MIT",
      "bin": {
        "rollup": "dist/bin/rollup"
      },
      "engines": {
        "node": ">=14.18.0",
        "npm": ">=8.0.0"
      },
      "optionalDependencies": {
        "fsevents": "~2.3.2"
      }
    },
    "node_modules/shiki": {
      "version": "0.14.1",
      "license": "MIT",
      "dependencies": {
        "ansi-sequence-parser": "^1.1.0",
        "jsonc-parser": "^3.2.0",
        "vscode-oniguruma": "^1.7.0",
        "vscode-textmate": "^8.0.0"
      }
    },
    "node_modules/source-map": {
      "version": "0.6.1",
      "license": "BSD-3-Clause",
      "engines": {
        "node": ">=0.10.0"
      }
    },
    "node_modules/source-map-js": {
      "version": "1.0.2",
      "license": "BSD-3-Clause",
      "engines": {
        "node": ">=0.10.0"
      }
    },
    "node_modules/sourcemap-codec": {
      "version": "1.4.8",
      "license": "MIT"
    },
    "node_modules/to-fast-properties": {
      "version": "2.0.0",
      "resolved": "https://registry.npmmirror.com/to-fast-properties/-/to-fast-properties-2.0.0.tgz",
      "integrity": "sha512-/OaKK0xYrs3DmxRYqL/yDc+FxFUVYhDlXMhRmv3z915w2HF1tnN1omB354j8VUGO/hbRzyD6Y3sA7v7GS/ceog==",
      "dev": true,
      "engines": {
        "node": ">=4"
      }
    },
    "node_modules/vite": {
      "version": "4.3.1",
      "license": "MIT",
      "dependencies": {
        "esbuild": "^0.17.5",
        "postcss": "^8.4.21",
        "rollup": "^3.20.2"
      },
      "bin": {
        "vite": "bin/vite.js"
      },
      "engines": {
        "node": "^14.18.0 || >=16.0.0"
      },
      "optionalDependencies": {
        "fsevents": "~2.3.2"
      },
      "peerDependencies": {
        "@types/node": ">= 14",
        "less": "*",
        "sass": "*",
        "stylus": "*",
        "sugarss": "*",
        "terser": "^5.4.0"
      },
      "peerDependenciesMeta": {
        "@types/node": {
          "optional": true
        },
        "less": {
          "optional": true
        },
        "sass": {
          "optional": true
        },
        "stylus": {
          "optional": true
        },
        "sugarss": {
          "optional": true
        },
        "terser": {
          "optional": true
        }
      }
    },
    "node_modules/vitepress": {
      "version": "1.0.0-alpha.73",
      "resolved": "https://registry.npmmirror.com/vitepress/-/vitepress-1.0.0-alpha.73.tgz",
      "integrity": "sha512-BWK7b5yYxdA3SeBnUV+ly8vJU2MFcQhjooycLDc2AsSd07uGp+WO6J6gBmjwHuOz5hgcNa+/VxGWKKwBycdbnA==",
      "dev": true,
      "dependencies": {
        "@docsearch/css": "^3.3.3",
        "@docsearch/js": "^3.3.3",
        "@vitejs/plugin-vue": "^4.1.0",
        "@vue/devtools-api": "^6.5.0",
        "@vueuse/core": "^10.0.2",
        "body-scroll-lock": "4.0.0-beta.0",
        "mark.js": "8.11.1",
        "minisearch": "^6.0.1",
        "shiki": "^0.14.1",
        "vite": "^4.3.0",
        "vue": "^3.2.47"
      },
      "bin": {
        "vitepress": "bin/vitepress.js"
      }
    },
    "node_modules/vscode-oniguruma": {
      "version": "1.7.0",
      "license": "MIT"
    },
    "node_modules/vscode-textmate": {
      "version": "8.0.0",
      "license": "MIT"
    },
    "node_modules/vue": {
      "version": "3.2.47",
      "resolved": "https://registry.npmmirror.com/vue/-/vue-3.2.47.tgz",
      "integrity": "sha512-60188y/9Dc9WVrAZeUVSDxRQOZ+z+y5nO2ts9jWXSTkMvayiWxCWOWtBQoYjLeccfXkiiPZWAHcV+WTPhkqJHQ==",
      "dependencies": {
        "@vue/compiler-dom": "3.2.47",
        "@vue/compiler-sfc": "3.2.47",
        "@vue/runtime-dom": "3.2.47",
        "@vue/server-renderer": "3.2.47",
        "@vue/shared": "3.2.47"
      }
    },
    "node_modules/vue-demi": {
      "version": "0.14.0",
      "hasInstallScript": true,
      "license": "MIT",
      "bin": {
        "vue-demi-fix": "bin/vue-demi-fix.js",
        "vue-demi-switch": "bin/vue-demi-switch.js"
      },
      "engines": {
        "node": ">=12"
      },
      "funding": {
        "url": "https://github.com/sponsors/antfu"
      },
      "peerDependencies": {
        "@vue/composition-api": "^1.0.0-rc.1",
        "vue": "^3.0.0-0 || ^2.6.0"
      },
      "peerDependenciesMeta": {
        "@vue/composition-api": {
          "optional": true
        }
      }
    }
  }
}
